
Microsoft Visual Studio Solution File, Format Version 11.00
# Visual Studio 2010
# SharpDevelop 5.1
Project("{FAE04EC0-301F-11D3-BF4B-00C04F79EFBC}") = "ThermoVision_JoeC", "ThermoVision_JoeC.csproj", "{59F257F9-0198-4B6F-958D-CC727091662F}"
EndProject
Global
	GlobalSection(SolutionConfigurationPlatforms) = preSolution
		Debug|Any CPU = Debug|Any CPU
		Release|Any CPU = Release|Any CPU
	EndGlobalSection
	GlobalSection(ProjectConfigurationPlatforms) = postSolution
		{59F257F9-0198-4B6F-958D-CC727091662F}.Debug|Any CPU.ActiveCfg = Debug|Any CPU
		{59F257F9-0198-4B6F-958D-CC727091662F}.Debug|Any CPU.Build.0 = Debug|Any CPU
		{59F257F9-0198-4B6F-958D-CC727091662F}.Release|Any CPU.ActiveCfg = Release|Any CPU
		{59F257F9-0198-4B6F-958D-CC727091662F}.Release|Any CPU.Build.0 = Release|Any CPU
	EndGlobalSection
EndGlobal
